version = 1
revision = 5
requires-python = ">=3.14"

[[package]]
name = "json5"
version = "0.15.0"
source = { registry = "https://pypi.org/simple" }
sdist = { url = "https://files.pythonhosted.org/packages/e4/7d/05c46a96a78147ae3bf99c2f4169ce144a70220b8d6fcd56f6ec368b8ce9/json5-0.15.0.tar.gz", hash = "sha256:7424d1f1eb1d56da6e3d70643f53619862b4ce81440bdb8ecfd6f875e5ba4a71", size = 53278, upload-time = "2026-06-19T20:08:27.716Z" }
wheels = [
    { url = "https://files.pythonhosted.org/packages/eb/be/59527c99478aade6bb33a68d72e6e18dd4e6ff6eacfc7d01bdb15bc76912/json5-0.15.0-py3-none-any.whl", hash = "sha256:56636a30c0e8a4665fe2179c0212f32eae3796dea89ea6f649b9436ecdb39618", size = 36570, upload-time = "2026-06-19T20:08:26.748Z" },
]

[[package]]
name = "macaddress"
version = "2.0.2"
source = { registry = "https://pypi.org/simple" }
sdist = { url = "https://files.pythonhosted.org/packages/dc/0f/e9b1028826cef8aa8d5f187b9fe2fd8f5b8c8ca393a11cffbcbe58f8a247/macaddress-2.0.2.tar.gz", hash = "sha256:1400ccdc28d747102d57ae61e5b78d8985872930810ceb8860cd49abd1e1fa37", size = 7927, upload-time = "2022-11-04T21:31:19.106Z" }
wheels = [
    { url = "https://files.pythonhosted.org/packages/6e/40/cfad5b515667b0465a3169757b5c9f17639dc1da145c65248e5b9fe481d8/macaddress-2.0.2-py3-none-any.whl", hash = "sha256:6f4a0430f9b5af6d98a582b8d527ba2cd3f0825fce5503a9ce5c73acb772c30f", size = 8027, upload-time = "2022-11-04T21:31:17.095Z" },
]

[[package]]
name = "portion"
version = "2.6.3"
source = { registry = "https://pypi.org/simple" }
dependencies = [
    { name = "sortedcontainers" },
]
sdist = { url = "https://files.pythonhosted.org/packages/f1/5a/1a1529cfded038731348db1fdbe444c9bf24dcdaf7428449dbb1e8d918c1/portion-2.6.3.tar.gz", hash = "sha256:4dd6a68bb1cd7a553d9b1f556818708b973c4a8855244e0af79e2586bba5794e", size = 125019, upload-time = "2026-09-29T10:07:02.741Z" }
wheels = [
    { url = "https://files.pythonhosted.org/packages/85/8d/09471f7a9f322366cf8c20d375139239489a39352cf4630b1c39f1979f82/portion-2.6.3-py3-none-any.whl", hash = "sha256:9f5a26de92ff1241c7ba7ab23da0b544e67308187100681512871a50d6d206f1", size = 28491, upload-time = "2026-09-29T10:07:01.694Z" },
]

[[package]]
name = "sortedcontainers"
version = "2.4.0"
source = { registry = "https://pypi.org/simple" }
sdist = { url = "https://files.pythonhosted.org/packages/e8/c4/ba2f8066cceb6f23394729afe52f3bf7adec04bf9ed2c820b39e19299111/sortedcontainers-2.4.0.tar.gz", hash = "sha256:25caa5a06cc30b6b83d11423433f65d1f9d76c4c6a0c90e3379eaa43b9bfdb88", size = 30594, upload-time = "2021-05-16T22:03:42.897Z" }
wheels = [
    { url = "https://files.pythonhosted.org/packages/32/46/9cb0e58b2deb7f82b84065f37f3bffeb12413f947f9388e4cac22c4621ce/sortedcontainers-2.4.0-py2.py3-none-any.whl", hash = "sha256:a163dcaede0f1c021485e957a39245190e74249897e2ae4b2aa38595db237ee0", size = 29575, upload-time = "2021-05-16T22:03:41.177Z" },
]

[[package]]
name = "symbolic-network-traversal-engine"
version = "0.1.0"
source = { virtual = "." }
dependencies = [
    { name = "json5" },
    { name = "macaddress" },
    { name = "portion" },
]

[package.metadata]
requires-dist = [
    { name = "json5", specifier = ">=0.15.0" },
    { name = "macaddress", specifier = ">=2.0.2" },
    { name = "portion", specifier = ">=2.6.2" },
]
